
Microsoft Visual Studio Solution File, Format Version 12.00
# Visual Studio Version 16
VisualStudioVersion = 16.0.31205.134
MinimumVisualStudioVersion = 10.0.40219.1
Project("{FAE04EC0-301F-11D3-BF4B-00C04F79EFBC}") = "AtomicFitness", "AtomicFitness.csproj", "{00C3F68D-5C7F-4AFE-AB2F-58DA2ABCC1D8}"
EndProject
Global
	GlobalSection(SolutionConfigurationPlatforms) = preSolution
		Debug|Any CPU = Debug|Any CPU
		Release|Any CPU = Release|Any CPU
	EndGlobalSection
	GlobalSection(ProjectConfigurationPlatforms) = postSolution
		{00C3F68D-5C7F-4AFE-AB2F-58DA2ABCC1D8}.Debug|Any CPU.ActiveCfg = Debug|Any CPU
		{00C3F68D-5C7F-4AFE-AB2F-58DA2ABCC1D8}.Debug|Any CPU.Build.0 = Debug|Any CPU
		{00C3F68D-5C7F-4AFE-AB2F-58DA2ABCC1D8}.Release|Any CPU.ActiveCfg = Release|Any CPU
		{00C3F68D-5C7F-4AFE-AB2F-58DA2ABCC1D8}.Release|Any CPU.Build.0 = Release|Any CPU
	EndGlobalSection
	GlobalSection(SolutionProperties) = preSolution
		HideSolutionNode = FALSE
	EndGlobalSection
	GlobalSection(ExtensibilityGlobals) = postSolution
		SolutionGuid = {8805DB69-8609-4822-ACB0-092204FD972C}
	EndGlobalSection
EndGlobal
